{
  "name": "worker",
  "lockfileVersion": 3,
  "requires": true,
  "packages": {
    "": {
      "devDependencies": {
        "@cloudflare/workers-types": "4.20251004.0"
      }
    },
    "node_modules/@cloudflare/workers-types": {
      "version": "4.20251004.0",
      "resolved": "https://registry.npmjs.org/@cloudflare/workers-types/-/workers-types-4.20251004.0.tgz",
      "integrity": "sha512-FkTBHEyOBwphbW4SLQ2XLCgNntD2wz0v1Si7NwJeN0JAPW/39/w6zhsKy3rsh+203tuSfBgsoP34+Os4RaySOw==",
      "dev": true,
      "license": "MIT OR Apache-2.0"
    }
  }
}
